
Microsoft Visual Studio Solution File, Format Version 12.00
# Visual Studio Version 17
VisualStudioVersion = 17.1.32228.430
MinimumVisualStudioVersion = 10.0.40219.1
Project("{FAE04EC0-301F-11D3-BF4B-00C04F79EFBC}") = "DatabaseLayer", "DatabaseLayer\DatabaseLayer.csproj", "{FB944B69-4ABD-470A-B108-2167AC4096E5}"
EndProject
Project("{FAE04EC0-301F-11D3-BF4B-00C04F79EFBC}") = "ConsoleClient", "ConsoleClient\ConsoleClient.csproj", "{D72D2D3E-8E14-4F04-A661-98B8B013EA04}"
EndProject
Global
	GlobalSection(SolutionConfigurationPlatforms) = preSolution
		Debug|Any CPU = Debug|Any CPU
		Release|Any CPU = Release|Any CPU
	EndGlobalSection
	GlobalSection(ProjectConfigurationPlatforms) = postSolution
		{FB944B69-4ABD-470A-B108-2167AC4096E5}.Debug|Any CPU.ActiveCfg = Debug|Any CPU
		{FB944B69-4ABD-470A-B108-2167AC4096E5}.Debug|Any CPU.Build.0 = Debug|Any CPU
		{FB944B69-4ABD-470A-B108-2167AC4096E5}.Release|Any CPU.ActiveCfg = Release|Any CPU
		{FB944B69-4ABD-470A-B108-2167AC4096E5}.Release|Any CPU.Build.0 = Release|Any CPU
		{D72D2D3E-8E14-4F04-A661-98B8B013EA04}.Debug|Any CPU.ActiveCfg = Debug|Any CPU
		{D72D2D3E-8E14-4F04-A661-98B8B013EA04}.Debug|Any CPU.Build.0 = Debug|Any CPU
		{D72D2D3E-8E14-4F04-A661-98B8B013EA04}.Release|Any CPU.ActiveCfg = Release|Any CPU
		{D72D2D3E-8E14-4F04-A661-98B8B013EA04}.Release|Any CPU.Build.0 = Release|Any CPU
	EndGlobalSection
	GlobalSection(SolutionProperties) = preSolution
		HideSolutionNode = FALSE
	EndGlobalSection
	GlobalSection(ExtensibilityGlobals) = postSolution
		SolutionGuid = {B0B358FD-07AF-47DA-AA9F-14EC842FB1A1}
	EndGlobalSection
EndGlobal
